{
  "name": "payment_management_system",
  "lockfileVersion": 3,
  "requires": true,
  "packages": {
    "": {
      "dependencies": {
        "@syncfusion/ej2-react-calendars": "^24.1.41"
      }
    },
    "node_modules/@syncfusion/ej2-base": {
      "version": "24.1.42",
      "resolved": "https://registry.npmjs.org/@syncfusion/ej2-base/-/ej2-base-24.1.42.tgz",
      "integrity": "sha512-3Zolyu6xA2pasid3Ttaf0qqQcEU/cQMJwuhaGa5vBnt1Xmo4oPkipUAsWLCtlfkmF/iUN9Hts3+8a4fBr4x3dA==",
      "dependencies": {
        "@syncfusion/ej2-icons": "~24.1.41"
      },
      "bin": {
        "syncfusion-license": "bin/syncfusion-license.js"
      }
    },
    "node_modules/@syncfusion/ej2-buttons": {
      "version": "24.1.41",
      "resolved": "https://registry.npmjs.org/@syncfusion/ej2-buttons/-/ej2-buttons-24.1.41.tgz",
      "integrity": "sha512-hko5TLLCssu7O9/iJKlogCR9hP6faaE6H96pOQ1qpuemv85SxUVBbDoAzCkDUg4/2HlsMJMSHGZ9ZHrPGUZJHA==",
      "dependencies": {
        "@syncfusion/ej2-base": "~24.1.41"
      }
    },
    "node_modules/@syncfusion/ej2-calendars": {
      "version": "24.1.41",
      "resolved": "https://registry.npmjs.org/@syncfusion/ej2-calendars/-/ej2-calendars-24.1.41.tgz",
      "integrity": "sha512-rpTYU6TwqdTXyOfKKubeLKTkBDv4AbkCyi1W3fdMs6RmobozjmkgquzNZFsVlFwRMYjViShoyUlWptrQw4iUAw==",
      "dependencies": {
        "@syncfusion/ej2-base": "~24.1.41",
        "@syncfusion/ej2-buttons": "~24.1.41",
        "@syncfusion/ej2-inputs": "~24.1.41",
        "@syncfusion/ej2-lists": "~24.1.41",
        "@syncfusion/ej2-popups": "~24.1.41"
      }
    },
    "node_modules/@syncfusion/ej2-data": {
      "version": "24.1.41",
      "resolved": "https://registry.npmjs.org/@syncfusion/ej2-data/-/ej2-data-24.1.41.tgz",
      "integrity": "sha512-xKSaV7CaF8K37nIf9SuG6387mqXoNt+k4uqiAI1Xsp9Z+UkpEd8wm1skeW2qJao5AyxVhUhV6MtX9grO8udCjg==",
      "dependencies": {
        "@syncfusion/ej2-base": "~24.1.41"
      }
    },
    "node_modules/@syncfusion/ej2-icons": {
      "version": "24.1.41",
      "resolved": "https://registry.npmjs.org/@syncfusion/ej2-icons/-/ej2-icons-24.1.41.tgz",
      "integrity": "sha512-r44Xr0QC1iGP6Ed5UVNyfIa3lmcDn680nzNoUbykUv02JaJv6nF0OQZeZNjjY3m8YrFhYCHdms0h9A9sU7c9/Q=="
    },
    "node_modules/@syncfusion/ej2-inputs": {
      "version": "24.1.41",
      "resolved": "https://registry.npmjs.org/@syncfusion/ej2-inputs/-/ej2-inputs-24.1.41.tgz",
      "integrity": "sha512-scVtCR6XMrdr2RQe0HUG+y7Mdr4hnYrNJAYntUJgO0gxMiWjHku6UG+9FBruA3rC7INvNsBviCqvZIHyTXz4NA==",
      "dependencies": {
        "@syncfusion/ej2-base": "~24.1.41",
        "@syncfusion/ej2-buttons": "~24.1.41",
        "@syncfusion/ej2-popups": "~24.1.41",
        "@syncfusion/ej2-splitbuttons": "~24.1.41"
      }
    },
    "node_modules/@syncfusion/ej2-lists": {
      "version": "24.1.41",
      "resolved": "https://registry.npmjs.org/@syncfusion/ej2-lists/-/ej2-lists-24.1.41.tgz",
      "integrity": "sha512-TZrHBq02s2vxVwqjLUxx+iTGP8X93eJCkCwlhjajnjw7jU5Yireb//FVORwTzWuwlrVc2tEkDiGW3WYhnowVMg==",
      "dependencies": {
        "@syncfusion/ej2-base": "~24.1.41",
        "@syncfusion/ej2-buttons": "~24.1.41",
        "@syncfusion/ej2-data": "~24.1.41",
        "@syncfusion/ej2-popups": "~24.1.41"
      }
    },
    "node_modules/@syncfusion/ej2-popups": {
      "version": "24.1.41",
      "resolved": "https://registry.npmjs.org/@syncfusion/ej2-popups/-/ej2-popups-24.1.41.tgz",
      "integrity": "sha512-SSx3ZfdRAuSLjoo2/qU4PLLmbo5L+x1LqyxgxNq2bflRhx3Xdk51iEdS00ihTjBoMweE6KS3nPGHI8krOzv44A==",
      "dependencies": {
        "@syncfusion/ej2-base": "~24.1.41",
        "@syncfusion/ej2-buttons": "~24.1.41"
      }
    },
    "node_modules/@syncfusion/ej2-react-base": {
      "version": "24.1.41",
      "resolved": "https://registry.npmjs.org/@syncfusion/ej2-react-base/-/ej2-react-base-24.1.41.tgz",
      "integrity": "sha512-jEfFIBrGqyAu66x0SBTUo64r15/+hrrgwD519Yth0eFqU6J2vvGuv61SK6nNhswNbeBLgIQ0i2WBH6/1ET4YHw==",
      "dependencies": {
        "@syncfusion/ej2-base": "~24.1.41"
      }
    },
    "node_modules/@syncfusion/ej2-react-calendars": {
      "version": "24.1.41",
      "resolved": "https://registry.npmjs.org/@syncfusion/ej2-react-calendars/-/ej2-react-calendars-24.1.41.tgz",
      "integrity": "sha512-UFT8ilZ51sqzArDVuqqjfZrgHz/mLYK1CUBUreThBQrDmuqh9Inf2OKuSuL9spjFIX0oGnG8IQC3Fy4fAS5/EQ==",
      "dependencies": {
        "@syncfusion/ej2-base": "~24.1.41",
        "@syncfusion/ej2-calendars": "24.1.41",
        "@syncfusion/ej2-react-base": "~24.1.41"
      }
    },
    "node_modules/@syncfusion/ej2-splitbuttons": {
      "version": "24.1.41",
      "resolved": "https://registry.npmjs.org/@syncfusion/ej2-splitbuttons/-/ej2-splitbuttons-24.1.41.tgz",
      "integrity": "sha512-Drbvk2aD37anSVeP4WRqzipZYobRPFpaitlNGjP+qLb0UDzo8IHNE99McPRCC9C8wwYp4QAxhBfCZDQRkdW8gg==",
      "dependencies": {
        "@syncfusion/ej2-base": "~24.1.41",
        "@syncfusion/ej2-popups": "~24.1.41"
      }
    }
  }
}
